
Microsoft Visual Studio Solution File, Format Version 12.00
# Visual Studio Version 16
VisualStudioVersion = 16.0.30523.141
MinimumVisualStudioVersion = 10.0.40219.1
Project("{9A19103F-16F7-4668-BE54-9A1E7A4F7556}") = "SignalRCore.Mvc.Demo", "SignalRCore.Mvc.Demo\SignalRCore.Mvc.Demo.csproj", "{D91D8552-2D77-4D2B-B4CE-B52ACD647378}"
EndProject
Global
	GlobalSection(SolutionConfigurationPlatforms) = preSolution
		Debug|Any CPU = Debug|Any CPU
		Release|Any CPU = Release|Any CPU
	EndGlobalSection
	GlobalSection(ProjectConfigurationPlatforms) = postSolution
		{D91D8552-2D77-4D2B-B4CE-B52ACD647378}.Debug|Any CPU.ActiveCfg = Debug|Any CPU
		{D91D8552-2D77-4D2B-B4CE-B52ACD647378}.Debug|Any CPU.Build.0 = Debug|Any CPU
		{D91D8552-2D77-4D2B-B4CE-B52ACD647378}.Release|Any CPU.ActiveCfg = Release|Any CPU
		{D91D8552-2D77-4D2B-B4CE-B52ACD647378}.Release|Any CPU.Build.0 = Release|Any CPU
	EndGlobalSection
	GlobalSection(SolutionProperties) = preSolution
		HideSolutionNode = FALSE
	EndGlobalSection
	GlobalSection(ExtensibilityGlobals) = postSolution
		SolutionGuid = {534179BD-DCC6-4A3B-AE79-F41F39517F2D}
	EndGlobalSection
EndGlobal
